
Microsoft Visual Studio Solution File, Format Version 12.00
# Visual Studio Version 17
VisualStudioVersion = 17.12.35707.178 d17.12
MinimumVisualStudioVersion = 10.0.40219.1
Project("{FAE04EC0-301F-11D3-BF4B-00C04F79EFBC}") = "JWT_demo", "JWT_demo\JWT_demo.csproj", "{EDABFF0B-A70D-43C0-81BF-78B2BC14A59C}"
EndProject
Global
	GlobalSection(SolutionConfigurationPlatforms) = preSolution
		Debug|Any CPU = Debug|Any CPU
		Release|Any CPU = Release|Any CPU
	EndGlobalSection
	GlobalSection(ProjectConfigurationPlatforms) = postSolution
		{EDABFF0B-A70D-43C0-81BF-78B2BC14A59C}.Debug|Any CPU.ActiveCfg = Debug|Any CPU
		{EDABFF0B-A70D-43C0-81BF-78B2BC14A59C}.Debug|Any CPU.Build.0 = Debug|Any CPU
		{EDABFF0B-A70D-43C0-81BF-78B2BC14A59C}.Release|Any CPU.ActiveCfg = Release|Any CPU
		{EDABFF0B-A70D-43C0-81BF-78B2BC14A59C}.Release|Any CPU.Build.0 = Release|Any CPU
	EndGlobalSection
	GlobalSection(SolutionProperties) = preSolution
		HideSolutionNode = FALSE
	EndGlobalSection
EndGlobal
