
Microsoft Visual Studio Solution File, Format Version 12.00
# Visual Studio Version 17
VisualStudioVersion = 17.12.35707.178 d17.12
MinimumVisualStudioVersion = 10.0.40219.1
Project("{FAE04EC0-301F-11D3-BF4B-00C04F79EFBC}") = "LibraryManagement", "LibraryManagement\LibraryManagement.csproj", "{6AFF9644-D3F5-4E65-ABA8-7B7D575E8E51}"
EndProject
Project("{FAE04EC0-301F-11D3-BF4B-00C04F79EFBC}") = "LibraryTest", "LibraryTest\LibraryTest.csproj", "{77095E52-676A-4652-BC43-D05CBFF2B077}"
EndProject
Global
	GlobalSection(SolutionConfigurationPlatforms) = preSolution
		Debug|Any CPU = Debug|Any CPU
		Release|Any CPU = Release|Any CPU
	EndGlobalSection
	GlobalSection(ProjectConfigurationPlatforms) = postSolution
		{6AFF9644-D3F5-4E65-ABA8-7B7D575E8E51}.Debug|Any CPU.ActiveCfg = Debug|Any CPU
		{6AFF9644-D3F5-4E65-ABA8-7B7D575E8E51}.Debug|Any CPU.Build.0 = Debug|Any CPU
		{6AFF9644-D3F5-4E65-ABA8-7B7D575E8E51}.Release|Any CPU.ActiveCfg = Release|Any CPU
		{6AFF9644-D3F5-4E65-ABA8-7B7D575E8E51}.Release|Any CPU.Build.0 = Release|Any CPU
		{77095E52-676A-4652-BC43-D05CBFF2B077}.Debug|Any CPU.ActiveCfg = Debug|Any CPU
		{77095E52-676A-4652-BC43-D05CBFF2B077}.Debug|Any CPU.Build.0 = Debug|Any CPU
		{77095E52-676A-4652-BC43-D05CBFF2B077}.Release|Any CPU.ActiveCfg = Release|Any CPU
		{77095E52-676A-4652-BC43-D05CBFF2B077}.Release|Any CPU.Build.0 = Release|Any CPU
	EndGlobalSection
	GlobalSection(SolutionProperties) = preSolution
		HideSolutionNode = FALSE
	EndGlobalSection
EndGlobal
